
Microsoft Visual Studio Solution File, Format Version 12.00
# Visual Studio 2013
VisualStudioVersion = 12.0.21005.1
MinimumVisualStudioVersion = 10.0.40219.1
Project("{8BC9CEB8-8B4A-11D0-8D11-00A0C91BC942}") = "SAH_PA", "SAH_PA.vcxproj", "{13706D71-67FB-491A-84F5-9D002716C873}"
EndProject
Project("{2150E333-8FDC-42A3-9474-1A3956D46DE8}") = "Solution Items", "Solution Items", "{4546C9E8-8A22-4E71-B071-A749297B020D}"
	ProjectSection(SolutionItems) = preProject
		Performance1.psess = Performance1.psess
	EndProjectSection
EndProject
Global
	GlobalSection(SolutionConfigurationPlatforms) = preSolution
		Debug|Win32 = Debug|Win32
		Release|Win32 = Release|Win32
	EndGlobalSection
	GlobalSection(ProjectConfigurationPlatforms) = postSolution
		{13706D71-67FB-491A-84F5-9D002716C873}.Debug|Win32.ActiveCfg = Debug|Win32
		{13706D71-67FB-491A-84F5-9D002716C873}.Debug|Win32.Build.0 = Debug|Win32
		{13706D71-67FB-491A-84F5-9D002716C873}.Release|Win32.ActiveCfg = Release|Win32
		{13706D71-67FB-491A-84F5-9D002716C873}.Release|Win32.Build.0 = Release|Win32
	EndGlobalSection
	GlobalSection(SolutionProperties) = preSolution
		HideSolutionNode = FALSE
	EndGlobalSection
EndGlobal
